
Microsoft Visual Studio Solution File, Format Version 12.00
# Visual Studio 15
VisualStudioVersion = 15.0.26124.0
MinimumVisualStudioVersion = 15.0.26124.0
Project("{2150E333-8FDC-42A3-9474-1A3956D46DE8}") = "SimpleFTPServer", "SimpleFTPServer", "{725BCE6B-2E3A-4A1F-BB8A-63FB639FE2F1}"
EndProject
Project("{FAE04EC0-301F-11D3-BF4B-00C04F79EFBC}") = "ServerSource", "SimpleFTPServer\ServerSource\ServerSource.csproj", "{A5CA1535-CC81-47D4-A8A4-16237E94E1C4}"
EndProject
Project("{2150E333-8FDC-42A3-9474-1A3956D46DE8}") = "SimpleFTPClient", "SimpleFTPClient", "{FFD65617-4308-46E2-A31E-750A1330FAD2}"
EndProject
Project("{FAE04EC0-301F-11D3-BF4B-00C04F79EFBC}") = "ClientSource", "SimpleFTPClient\ClientSource\ClientSource.csproj", "{7C174203-06EE-48C8-B0DA-73F44543471D}"
EndProject
Project("{2150E333-8FDC-42A3-9474-1A3956D46DE8}") = "SimpleFTPProtocol", "SimpleFTPProtocol", "{A7EA8B64-A96C-4E9F-A70C-C89D3E71504E}"
EndProject
Project("{FAE04EC0-301F-11D3-BF4B-00C04F79EFBC}") = "ProtocolSource", "SimpleFTPProtocol\ProtocolSource\ProtocolSource.csproj", "{633690CC-B2E9-4109-AF2C-729304E9B762}"
EndProject
Global
	GlobalSection(SolutionConfigurationPlatforms) = preSolution
		Debug|Any CPU = Debug|Any CPU
		Debug|x64 = Debug|x64
		Debug|x86 = Debug|x86
		Release|Any CPU = Release|Any CPU
		Release|x64 = Release|x64
		Release|x86 = Release|x86
	EndGlobalSection
	GlobalSection(SolutionProperties) = preSolution
		HideSolutionNode = FALSE
	EndGlobalSection
	GlobalSection(ProjectConfigurationPlatforms) = postSolution
		{A5CA1535-CC81-47D4-A8A4-16237E94E1C4}.Debug|Any CPU.ActiveCfg = Debug|Any CPU
		{A5CA1535-CC81-47D4-A8A4-16237E94E1C4}.Debug|Any CPU.Build.0 = Debug|Any CPU
		{A5CA1535-CC81-47D4-A8A4-16237E94E1C4}.Debug|x64.ActiveCfg = Debug|Any CPU
		{A5CA1535-CC81-47D4-A8A4-16237E94E1C4}.Debug|x64.Build.0 = Debug|Any CPU
		{A5CA1535-CC81-47D4-A8A4-16237E94E1C4}.Debug|x86.ActiveCfg = Debug|Any CPU
		{A5CA1535-CC81-47D4-A8A4-16237E94E1C4}.Debug|x86.Build.0 = Debug|Any CPU
		{A5CA1535-CC81-47D4-A8A4-16237E94E1C4}.Release|Any CPU.ActiveCfg = Release|Any CPU
		{A5CA1535-CC81-47D4-A8A4-16237E94E1C4}.Release|Any CPU.Build.0 = Release|Any CPU
		{A5CA1535-CC81-47D4-A8A4-16237E94E1C4}.Release|x64.ActiveCfg = Release|Any CPU
		{A5CA1535-CC81-47D4-A8A4-16237E94E1C4}.Release|x64.Build.0 = Release|Any CPU
		{A5CA1535-CC81-47D4-A8A4-16237E94E1C4}.Release|x86.ActiveCfg = Release|Any CPU
		{A5CA1535-CC81-47D4-A8A4-16237E94E1C4}.Release|x86.Build.0 = Release|Any CPU
		{7C174203-06EE-48C8-B0DA-73F44543471D}.Debug|Any CPU.ActiveCfg = Debug|Any CPU
		{7C174203-06EE-48C8-B0DA-73F44543471D}.Debug|Any CPU.Build.0 = Debug|Any CPU
		{7C174203-06EE-48C8-B0DA-73F44543471D}.Debug|x64.ActiveCfg = Debug|Any CPU
		{7C174203-06EE-48C8-B0DA-73F44543471D}.Debug|x64.Build.0 = Debug|Any CPU
		{7C174203-06EE-48C8-B0DA-73F44543471D}.Debug|x86.ActiveCfg = Debug|Any CPU
		{7C174203-06EE-48C8-B0DA-73F44543471D}.Debug|x86.Build.0 = Debug|Any CPU
		{7C174203-06EE-48C8-B0DA-73F44543471D}.Release|Any CPU.ActiveCfg = Release|Any CPU
		{7C174203-06EE-48C8-B0DA-73F44543471D}.Release|Any CPU.Build.0 = Release|Any CPU
		{7C174203-06EE-48C8-B0DA-73F44543471D}.Release|x64.ActiveCfg = Release|Any CPU
		{7C174203-06EE-48C8-B0DA-73F44543471D}.Release|x64.Build.0 = Release|Any CPU
		{7C174203-06EE-48C8-B0DA-73F44543471D}.Release|x86.ActiveCfg = Release|Any CPU
		{7C174203-06EE-48C8-B0DA-73F44543471D}.Release|x86.Build.0 = Release|Any CPU
		{633690CC-B2E9-4109-AF2C-729304E9B762}.Debug|Any CPU.ActiveCfg = Debug|Any CPU
		{633690CC-B2E9-4109-AF2C-729304E9B762}.Debug|Any CPU.Build.0 = Debug|Any CPU
		{633690CC-B2E9-4109-AF2C-729304E9B762}.Debug|x64.ActiveCfg = Debug|Any CPU
		{633690CC-B2E9-4109-AF2C-729304E9B762}.Debug|x64.Build.0 = Debug|Any CPU
		{633690CC-B2E9-4109-AF2C-729304E9B762}.Debug|x86.ActiveCfg = Debug|Any CPU
		{633690CC-B2E9-4109-AF2C-729304E9B762}.Debug|x86.Build.0 = Debug|Any CPU
		{633690CC-B2E9-4109-AF2C-729304E9B762}.Release|Any CPU.ActiveCfg = Release|Any CPU
		{633690CC-B2E9-4109-AF2C-729304E9B762}.Release|Any CPU.Build.0 = Release|Any CPU
		{633690CC-B2E9-4109-AF2C-729304E9B762}.Release|x64.ActiveCfg = Release|Any CPU
		{633690CC-B2E9-4109-AF2C-729304E9B762}.Release|x64.Build.0 = Release|Any CPU
		{633690CC-B2E9-4109-AF2C-729304E9B762}.Release|x86.ActiveCfg = Release|Any CPU
		{633690CC-B2E9-4109-AF2C-729304E9B762}.Release|x86.Build.0 = Release|Any CPU
	EndGlobalSection
	GlobalSection(NestedProjects) = preSolution
		{A5CA1535-CC81-47D4-A8A4-16237E94E1C4} = {725BCE6B-2E3A-4A1F-BB8A-63FB639FE2F1}
		{7C174203-06EE-48C8-B0DA-73F44543471D} = {FFD65617-4308-46E2-A31E-750A1330FAD2}
		{633690CC-B2E9-4109-AF2C-729304E9B762} = {A7EA8B64-A96C-4E9F-A70C-C89D3E71504E}
	EndGlobalSection
EndGlobal
