
Microsoft Visual Studio Solution File, Format Version 12.00
# Visual Studio 15
VisualStudioVersion = 15.0.28306.52
MinimumVisualStudioVersion = 10.0.40219.1
Project("{FAE04EC0-301F-11D3-BF4B-00C04F79EFBC}") = "TicTacToe", "TicTacToe\TicTacToe.csproj", "{8F0F0954-1FB7-4776-B5F8-14F44E54FD17}"
EndProject
Global
	GlobalSection(SolutionConfigurationPlatforms) = preSolution
		Debug|Any CPU = Debug|Any CPU
		Release|Any CPU = Release|Any CPU
	EndGlobalSection
	GlobalSection(ProjectConfigurationPlatforms) = postSolution
		{8F0F0954-1FB7-4776-B5F8-14F44E54FD17}.Debug|Any CPU.ActiveCfg = Debug|Any CPU
		{8F0F0954-1FB7-4776-B5F8-14F44E54FD17}.Debug|Any CPU.Build.0 = Debug|Any CPU
		{8F0F0954-1FB7-4776-B5F8-14F44E54FD17}.Release|Any CPU.ActiveCfg = Release|Any CPU
		{8F0F0954-1FB7-4776-B5F8-14F44E54FD17}.Release|Any CPU.Build.0 = Release|Any CPU
	EndGlobalSection
	GlobalSection(SolutionProperties) = preSolution
		HideSolutionNode = FALSE
	EndGlobalSection
	GlobalSection(ExtensibilityGlobals) = postSolution
		SolutionGuid = {0313018A-C7A5-4A10-8688-09E97B3F7F80}
	EndGlobalSection
EndGlobal
