
Microsoft Visual Studio Solution File, Format Version 12.00
# Visual Studio 15
VisualStudioVersion = 15.0.26124.0
MinimumVisualStudioVersion = 15.0.26124.0
Project("{FAE04EC0-301F-11D3-BF4B-00C04F79EFBC}") = "Source", "Source\Source.csproj", "{44BAD2A6-2244-4119-BA9E-7A4CA8ED7F0F}"
EndProject
Project("{FAE04EC0-301F-11D3-BF4B-00C04F79EFBC}") = "Tests", "Tests\Tests.csproj", "{93C3827E-D7D4-4534-818B-252E0657F3A9}"
EndProject
Project("{2150E333-8FDC-42A3-9474-1A3956D46DE8}") = "TestProjects", "TestProjects", "{CA8B8BF9-EF09-46DF-A925-342F56509D9C}"
EndProject
Project("{FAE04EC0-301F-11D3-BF4B-00C04F79EFBC}") = "AfterClassTest", "TestProjects\AfterClassTest\AfterClassTest.csproj", "{F69C7CF6-732D-4082-802A-541E16F770C9}"
EndProject
Project("{FAE04EC0-301F-11D3-BF4B-00C04F79EFBC}") = "AfterInstanceTest", "TestProjects\AfterInstanceTest\AfterInstanceTest.csproj", "{FE03B464-A68D-467B-B15B-62B35B19812E}"
EndProject
Project("{FAE04EC0-301F-11D3-BF4B-00C04F79EFBC}") = "BeforeAndAfterTest", "TestProjects\BeforeAndAfterTest\BeforeAndAfterTest.csproj", "{87221A81-834E-4747-9C6E-C358ECDBE8BA}"
EndProject
Project("{FAE04EC0-301F-11D3-BF4B-00C04F79EFBC}") = "BeforeClassAndAfterClassTest", "TestProjects\BeforeClassAndAfterClassTest\BeforeClassAndAfterClassTest.csproj", "{668B48A1-9712-4238-A971-0D35DEC94C2C}"
EndProject
Project("{FAE04EC0-301F-11D3-BF4B-00C04F79EFBC}") = "BeforeClassTest", "TestProjects\BeforeClassTest\BeforeClassTest.csproj", "{D56D1D9E-6857-43D4-9FD9-DE8972D92BA3}"
EndProject
Project("{FAE04EC0-301F-11D3-BF4B-00C04F79EFBC}") = "BeforeInstanceTest", "TestProjects\BeforeInstanceTest\BeforeInstanceTest.csproj", "{FB97C89A-8E91-48B6-9B61-F4921673D0AA}"
EndProject
Project("{FAE04EC0-301F-11D3-BF4B-00C04F79EFBC}") = "ExpectedExceptionTest", "TestProjects\ExpectedExceptionTest\ExpectedExceptionTest.csproj", "{0633393F-B0CE-4BE5-882F-1A74BA8E741C}"
EndProject
Project("{FAE04EC0-301F-11D3-BF4B-00C04F79EFBC}") = "SucceededFailedIgnoredTest", "TestProjects\SucceededFailedIgnoredTest\SucceededFailedIgnoredTest.csproj", "{133C7DFF-7AFC-4567-926D-008E44203158}"
EndProject
Global
	GlobalSection(SolutionConfigurationPlatforms) = preSolution
		Debug|Any CPU = Debug|Any CPU
		Debug|x64 = Debug|x64
		Debug|x86 = Debug|x86
		Release|Any CPU = Release|Any CPU
		Release|x64 = Release|x64
		Release|x86 = Release|x86
	EndGlobalSection
	GlobalSection(SolutionProperties) = preSolution
		HideSolutionNode = FALSE
	EndGlobalSection
	GlobalSection(ProjectConfigurationPlatforms) = postSolution
		{44BAD2A6-2244-4119-BA9E-7A4CA8ED7F0F}.Debug|Any CPU.ActiveCfg = Debug|Any CPU
		{44BAD2A6-2244-4119-BA9E-7A4CA8ED7F0F}.Debug|Any CPU.Build.0 = Debug|Any CPU
		{44BAD2A6-2244-4119-BA9E-7A4CA8ED7F0F}.Debug|x64.ActiveCfg = Debug|Any CPU
		{44BAD2A6-2244-4119-BA9E-7A4CA8ED7F0F}.Debug|x64.Build.0 = Debug|Any CPU
		{44BAD2A6-2244-4119-BA9E-7A4CA8ED7F0F}.Debug|x86.ActiveCfg = Debug|Any CPU
		{44BAD2A6-2244-4119-BA9E-7A4CA8ED7F0F}.Debug|x86.Build.0 = Debug|Any CPU
		{44BAD2A6-2244-4119-BA9E-7A4CA8ED7F0F}.Release|Any CPU.ActiveCfg = Release|Any CPU
		{44BAD2A6-2244-4119-BA9E-7A4CA8ED7F0F}.Release|Any CPU.Build.0 = Release|Any CPU
		{44BAD2A6-2244-4119-BA9E-7A4CA8ED7F0F}.Release|x64.ActiveCfg = Release|Any CPU
		{44BAD2A6-2244-4119-BA9E-7A4CA8ED7F0F}.Release|x64.Build.0 = Release|Any CPU
		{44BAD2A6-2244-4119-BA9E-7A4CA8ED7F0F}.Release|x86.ActiveCfg = Release|Any CPU
		{44BAD2A6-2244-4119-BA9E-7A4CA8ED7F0F}.Release|x86.Build.0 = Release|Any CPU
		{93C3827E-D7D4-4534-818B-252E0657F3A9}.Debug|Any CPU.ActiveCfg = Debug|Any CPU
		{93C3827E-D7D4-4534-818B-252E0657F3A9}.Debug|Any CPU.Build.0 = Debug|Any CPU
		{93C3827E-D7D4-4534-818B-252E0657F3A9}.Debug|x64.ActiveCfg = Debug|Any CPU
		{93C3827E-D7D4-4534-818B-252E0657F3A9}.Debug|x64.Build.0 = Debug|Any CPU
		{93C3827E-D7D4-4534-818B-252E0657F3A9}.Debug|x86.ActiveCfg = Debug|Any CPU
		{93C3827E-D7D4-4534-818B-252E0657F3A9}.Debug|x86.Build.0 = Debug|Any CPU
		{93C3827E-D7D4-4534-818B-252E0657F3A9}.Release|Any CPU.ActiveCfg = Release|Any CPU
		{93C3827E-D7D4-4534-818B-252E0657F3A9}.Release|Any CPU.Build.0 = Release|Any CPU
		{93C3827E-D7D4-4534-818B-252E0657F3A9}.Release|x64.ActiveCfg = Release|Any CPU
		{93C3827E-D7D4-4534-818B-252E0657F3A9}.Release|x64.Build.0 = Release|Any CPU
		{93C3827E-D7D4-4534-818B-252E0657F3A9}.Release|x86.ActiveCfg = Release|Any CPU
		{93C3827E-D7D4-4534-818B-252E0657F3A9}.Release|x86.Build.0 = Release|Any CPU
		{F69C7CF6-732D-4082-802A-541E16F770C9}.Debug|Any CPU.ActiveCfg = Debug|Any CPU
		{F69C7CF6-732D-4082-802A-541E16F770C9}.Debug|Any CPU.Build.0 = Debug|Any CPU
		{F69C7CF6-732D-4082-802A-541E16F770C9}.Debug|x64.ActiveCfg = Debug|Any CPU
		{F69C7CF6-732D-4082-802A-541E16F770C9}.Debug|x64.Build.0 = Debug|Any CPU
		{F69C7CF6-732D-4082-802A-541E16F770C9}.Debug|x86.ActiveCfg = Debug|Any CPU
		{F69C7CF6-732D-4082-802A-541E16F770C9}.Debug|x86.Build.0 = Debug|Any CPU
		{F69C7CF6-732D-4082-802A-541E16F770C9}.Release|Any CPU.ActiveCfg = Release|Any CPU
		{F69C7CF6-732D-4082-802A-541E16F770C9}.Release|Any CPU.Build.0 = Release|Any CPU
		{F69C7CF6-732D-4082-802A-541E16F770C9}.Release|x64.ActiveCfg = Release|Any CPU
		{F69C7CF6-732D-4082-802A-541E16F770C9}.Release|x64.Build.0 = Release|Any CPU
		{F69C7CF6-732D-4082-802A-541E16F770C9}.Release|x86.ActiveCfg = Release|Any CPU
		{F69C7CF6-732D-4082-802A-541E16F770C9}.Release|x86.Build.0 = Release|Any CPU
		{FE03B464-A68D-467B-B15B-62B35B19812E}.Debug|Any CPU.ActiveCfg = Debug|Any CPU
		{FE03B464-A68D-467B-B15B-62B35B19812E}.Debug|Any CPU.Build.0 = Debug|Any CPU
		{FE03B464-A68D-467B-B15B-62B35B19812E}.Debug|x64.ActiveCfg = Debug|Any CPU
		{FE03B464-A68D-467B-B15B-62B35B19812E}.Debug|x64.Build.0 = Debug|Any CPU
		{FE03B464-A68D-467B-B15B-62B35B19812E}.Debug|x86.ActiveCfg = Debug|Any CPU
		{FE03B464-A68D-467B-B15B-62B35B19812E}.Debug|x86.Build.0 = Debug|Any CPU
		{FE03B464-A68D-467B-B15B-62B35B19812E}.Release|Any CPU.ActiveCfg = Release|Any CPU
		{FE03B464-A68D-467B-B15B-62B35B19812E}.Release|Any CPU.Build.0 = Release|Any CPU
		{FE03B464-A68D-467B-B15B-62B35B19812E}.Release|x64.ActiveCfg = Release|Any CPU
		{FE03B464-A68D-467B-B15B-62B35B19812E}.Release|x64.Build.0 = Release|Any CPU
		{FE03B464-A68D-467B-B15B-62B35B19812E}.Release|x86.ActiveCfg = Release|Any CPU
		{FE03B464-A68D-467B-B15B-62B35B19812E}.Release|x86.Build.0 = Release|Any CPU
		{87221A81-834E-4747-9C6E-C358ECDBE8BA}.Debug|Any CPU.ActiveCfg = Debug|Any CPU
		{87221A81-834E-4747-9C6E-C358ECDBE8BA}.Debug|Any CPU.Build.0 = Debug|Any CPU
		{87221A81-834E-4747-9C6E-C358ECDBE8BA}.Debug|x64.ActiveCfg = Debug|Any CPU
		{87221A81-834E-4747-9C6E-C358ECDBE8BA}.Debug|x64.Build.0 = Debug|Any CPU
		{87221A81-834E-4747-9C6E-C358ECDBE8BA}.Debug|x86.ActiveCfg = Debug|Any CPU
		{87221A81-834E-4747-9C6E-C358ECDBE8BA}.Debug|x86.Build.0 = Debug|Any CPU
		{87221A81-834E-4747-9C6E-C358ECDBE8BA}.Release|Any CPU.ActiveCfg = Release|Any CPU
		{87221A81-834E-4747-9C6E-C358ECDBE8BA}.Release|Any CPU.Build.0 = Release|Any CPU
		{87221A81-834E-4747-9C6E-C358ECDBE8BA}.Release|x64.ActiveCfg = Release|Any CPU
		{87221A81-834E-4747-9C6E-C358ECDBE8BA}.Release|x64.Build.0 = Release|Any CPU
		{87221A81-834E-4747-9C6E-C358ECDBE8BA}.Release|x86.ActiveCfg = Release|Any CPU
		{87221A81-834E-4747-9C6E-C358ECDBE8BA}.Release|x86.Build.0 = Release|Any CPU
		{668B48A1-9712-4238-A971-0D35DEC94C2C}.Debug|Any CPU.ActiveCfg = Debug|Any CPU
		{668B48A1-9712-4238-A971-0D35DEC94C2C}.Debug|Any CPU.Build.0 = Debug|Any CPU
		{668B48A1-9712-4238-A971-0D35DEC94C2C}.Debug|x64.ActiveCfg = Debug|Any CPU
		{668B48A1-9712-4238-A971-0D35DEC94C2C}.Debug|x64.Build.0 = Debug|Any CPU
		{668B48A1-9712-4238-A971-0D35DEC94C2C}.Debug|x86.ActiveCfg = Debug|Any CPU
		{668B48A1-9712-4238-A971-0D35DEC94C2C}.Debug|x86.Build.0 = Debug|Any CPU
		{668B48A1-9712-4238-A971-0D35DEC94C2C}.Release|Any CPU.ActiveCfg = Release|Any CPU
		{668B48A1-9712-4238-A971-0D35DEC94C2C}.Release|Any CPU.Build.0 = Release|Any CPU
		{668B48A1-9712-4238-A971-0D35DEC94C2C}.Release|x64.ActiveCfg = Release|Any CPU
		{668B48A1-9712-4238-A971-0D35DEC94C2C}.Release|x64.Build.0 = Release|Any CPU
		{668B48A1-9712-4238-A971-0D35DEC94C2C}.Release|x86.ActiveCfg = Release|Any CPU
		{668B48A1-9712-4238-A971-0D35DEC94C2C}.Release|x86.Build.0 = Release|Any CPU
		{D56D1D9E-6857-43D4-9FD9-DE8972D92BA3}.Debug|Any CPU.ActiveCfg = Debug|Any CPU
		{D56D1D9E-6857-43D4-9FD9-DE8972D92BA3}.Debug|Any CPU.Build.0 = Debug|Any CPU
		{D56D1D9E-6857-43D4-9FD9-DE8972D92BA3}.Debug|x64.ActiveCfg = Debug|Any CPU
		{D56D1D9E-6857-43D4-9FD9-DE8972D92BA3}.Debug|x64.Build.0 = Debug|Any CPU
		{D56D1D9E-6857-43D4-9FD9-DE8972D92BA3}.Debug|x86.ActiveCfg = Debug|Any CPU
		{D56D1D9E-6857-43D4-9FD9-DE8972D92BA3}.Debug|x86.Build.0 = Debug|Any CPU
		{D56D1D9E-6857-43D4-9FD9-DE8972D92BA3}.Release|Any CPU.ActiveCfg = Release|Any CPU
		{D56D1D9E-6857-43D4-9FD9-DE8972D92BA3}.Release|Any CPU.Build.0 = Release|Any CPU
		{D56D1D9E-6857-43D4-9FD9-DE8972D92BA3}.Release|x64.ActiveCfg = Release|Any CPU
		{D56D1D9E-6857-43D4-9FD9-DE8972D92BA3}.Release|x64.Build.0 = Release|Any CPU
		{D56D1D9E-6857-43D4-9FD9-DE8972D92BA3}.Release|x86.ActiveCfg = Release|Any CPU
		{D56D1D9E-6857-43D4-9FD9-DE8972D92BA3}.Release|x86.Build.0 = Release|Any CPU
		{FB97C89A-8E91-48B6-9B61-F4921673D0AA}.Debug|Any CPU.ActiveCfg = Debug|Any CPU
		{FB97C89A-8E91-48B6-9B61-F4921673D0AA}.Debug|Any CPU.Build.0 = Debug|Any CPU
		{FB97C89A-8E91-48B6-9B61-F4921673D0AA}.Debug|x64.ActiveCfg = Debug|Any CPU
		{FB97C89A-8E91-48B6-9B61-F4921673D0AA}.Debug|x64.Build.0 = Debug|Any CPU
		{FB97C89A-8E91-48B6-9B61-F4921673D0AA}.Debug|x86.ActiveCfg = Debug|Any CPU
		{FB97C89A-8E91-48B6-9B61-F4921673D0AA}.Debug|x86.Build.0 = Debug|Any CPU
		{FB97C89A-8E91-48B6-9B61-F4921673D0AA}.Release|Any CPU.ActiveCfg = Release|Any CPU
		{FB97C89A-8E91-48B6-9B61-F4921673D0AA}.Release|Any CPU.Build.0 = Release|Any CPU
		{FB97C89A-8E91-48B6-9B61-F4921673D0AA}.Release|x64.ActiveCfg = Release|Any CPU
		{FB97C89A-8E91-48B6-9B61-F4921673D0AA}.Release|x64.Build.0 = Release|Any CPU
		{FB97C89A-8E91-48B6-9B61-F4921673D0AA}.Release|x86.ActiveCfg = Release|Any CPU
		{FB97C89A-8E91-48B6-9B61-F4921673D0AA}.Release|x86.Build.0 = Release|Any CPU
		{0633393F-B0CE-4BE5-882F-1A74BA8E741C}.Debug|Any CPU.ActiveCfg = Debug|Any CPU
		{0633393F-B0CE-4BE5-882F-1A74BA8E741C}.Debug|Any CPU.Build.0 = Debug|Any CPU
		{0633393F-B0CE-4BE5-882F-1A74BA8E741C}.Debug|x64.ActiveCfg = Debug|Any CPU
		{0633393F-B0CE-4BE5-882F-1A74BA8E741C}.Debug|x64.Build.0 = Debug|Any CPU
		{0633393F-B0CE-4BE5-882F-1A74BA8E741C}.Debug|x86.ActiveCfg = Debug|Any CPU
		{0633393F-B0CE-4BE5-882F-1A74BA8E741C}.Debug|x86.Build.0 = Debug|Any CPU
		{0633393F-B0CE-4BE5-882F-1A74BA8E741C}.Release|Any CPU.ActiveCfg = Release|Any CPU
		{0633393F-B0CE-4BE5-882F-1A74BA8E741C}.Release|Any CPU.Build.0 = Release|Any CPU
		{0633393F-B0CE-4BE5-882F-1A74BA8E741C}.Release|x64.ActiveCfg = Release|Any CPU
		{0633393F-B0CE-4BE5-882F-1A74BA8E741C}.Release|x64.Build.0 = Release|Any CPU
		{0633393F-B0CE-4BE5-882F-1A74BA8E741C}.Release|x86.ActiveCfg = Release|Any CPU
		{0633393F-B0CE-4BE5-882F-1A74BA8E741C}.Release|x86.Build.0 = Release|Any CPU
		{133C7DFF-7AFC-4567-926D-008E44203158}.Debug|Any CPU.ActiveCfg = Debug|Any CPU
		{133C7DFF-7AFC-4567-926D-008E44203158}.Debug|Any CPU.Build.0 = Debug|Any CPU
		{133C7DFF-7AFC-4567-926D-008E44203158}.Debug|x64.ActiveCfg = Debug|Any CPU
		{133C7DFF-7AFC-4567-926D-008E44203158}.Debug|x64.Build.0 = Debug|Any CPU
		{133C7DFF-7AFC-4567-926D-008E44203158}.Debug|x86.ActiveCfg = Debug|Any CPU
		{133C7DFF-7AFC-4567-926D-008E44203158}.Debug|x86.Build.0 = Debug|Any CPU
		{133C7DFF-7AFC-4567-926D-008E44203158}.Release|Any CPU.ActiveCfg = Release|Any CPU
		{133C7DFF-7AFC-4567-926D-008E44203158}.Release|Any CPU.Build.0 = Release|Any CPU
		{133C7DFF-7AFC-4567-926D-008E44203158}.Release|x64.ActiveCfg = Release|Any CPU
		{133C7DFF-7AFC-4567-926D-008E44203158}.Release|x64.Build.0 = Release|Any CPU
		{133C7DFF-7AFC-4567-926D-008E44203158}.Release|x86.ActiveCfg = Release|Any CPU
		{133C7DFF-7AFC-4567-926D-008E44203158}.Release|x86.Build.0 = Release|Any CPU
	EndGlobalSection
	GlobalSection(NestedProjects) = preSolution
		{F69C7CF6-732D-4082-802A-541E16F770C9} = {CA8B8BF9-EF09-46DF-A925-342F56509D9C}
		{FE03B464-A68D-467B-B15B-62B35B19812E} = {CA8B8BF9-EF09-46DF-A925-342F56509D9C}
		{87221A81-834E-4747-9C6E-C358ECDBE8BA} = {CA8B8BF9-EF09-46DF-A925-342F56509D9C}
		{668B48A1-9712-4238-A971-0D35DEC94C2C} = {CA8B8BF9-EF09-46DF-A925-342F56509D9C}
		{D56D1D9E-6857-43D4-9FD9-DE8972D92BA3} = {CA8B8BF9-EF09-46DF-A925-342F56509D9C}
		{FB97C89A-8E91-48B6-9B61-F4921673D0AA} = {CA8B8BF9-EF09-46DF-A925-342F56509D9C}
		{0633393F-B0CE-4BE5-882F-1A74BA8E741C} = {CA8B8BF9-EF09-46DF-A925-342F56509D9C}
		{133C7DFF-7AFC-4567-926D-008E44203158} = {CA8B8BF9-EF09-46DF-A925-342F56509D9C}
	EndGlobalSection
EndGlobal
